
Microsoft Visual Studio Solution File, Format Version 12.00
# Visual Studio Version 16
VisualStudioVersion = 16.0.29025.244
MinimumVisualStudioVersion = 10.0.40219.1
Project("{FAE04EC0-301F-11D3-BF4B-00C04F79EFBC}") = "Project44API", "Project44API\Project44API.csproj", "{5ACC8DA2-07DF-485B-BF24-08CF3AA62FF9}"
EndProject
Global
	GlobalSection(SolutionConfigurationPlatforms) = preSolution
		Debug|Any CPU = Debug|Any CPU
		Release|Any CPU = Release|Any CPU
	EndGlobalSection
	GlobalSection(ProjectConfigurationPlatforms) = postSolution
		{5ACC8DA2-07DF-485B-BF24-08CF3AA62FF9}.Debug|Any CPU.ActiveCfg = Debug|Any CPU
		{5ACC8DA2-07DF-485B-BF24-08CF3AA62FF9}.Debug|Any CPU.Build.0 = Debug|Any CPU
		{5ACC8DA2-07DF-485B-BF24-08CF3AA62FF9}.Release|Any CPU.ActiveCfg = Release|Any CPU
		{5ACC8DA2-07DF-485B-BF24-08CF3AA62FF9}.Release|Any CPU.Build.0 = Release|Any CPU
	EndGlobalSection
	GlobalSection(SolutionProperties) = preSolution
		HideSolutionNode = FALSE
	EndGlobalSection
	GlobalSection(ExtensibilityGlobals) = postSolution
		SolutionGuid = {15E63488-3A24-4C48-A41A-6AEABF6637E7}
	EndGlobalSection
EndGlobal
